# THIS IS AN AUTOGENERATED FILE. DO NOT EDIT THIS FILE DIRECTLY.
# yarn lockfile v1


dotenv@^8.0.0:
  version "8.2.0"
  resolved "https://registry.yarnpkg.com/dotenv/-/dotenv-8.2.0.tgz#97e619259ada750eea3e4ea3e26bceea5424b16a"
  integrity sha512-8sJ78ElpbDJBHNeBzUbUVLsqKdccaa/BXF1uPTw3GrvQTBgrQrtObr2mUrE38vzYd8cEv+m/JBfDLioYcfXoaw==

react-native-dotenv@^2.4.2:
  version "2.4.2"
  resolved "https://registry.yarnpkg.com/react-native-dotenv/-/react-native-dotenv-2.4.2.tgz#231071a1c3a9c29d96e6221b80d2cef6d9be39b7"
  integrity sha512-j2ig8RTdv+PQ6JemHzIskqrbjfFpV82Wd5v9cIAEZsw5wto864R4BW7gn8r347SKystdokZbMosdIRyYMXVi1Q==
  dependencies:
    dotenv "^8.0.0"
